
Microsoft Visual Studio Solution File, Format Version 12.00
# Visual Studio Version 17
VisualStudioVersion = 17.11.35327.3
MinimumVisualStudioVersion = 10.0.40219.1
Project("{FAE04EC0-301F-11D3-BF4B-00C04F79EFBC}") = "KTLT B10.1", "KTLT B10.1\KTLT B10.1.csproj", "{78109054-825A-4B12-8E7E-EE2D838FB3EF}"
EndProject
Global
	GlobalSection(SolutionConfigurationPlatforms) = preSolution
		Debug|Any CPU = Debug|Any CPU
		Release|Any CPU = Release|Any CPU
	EndGlobalSection
	GlobalSection(ProjectConfigurationPlatforms) = postSolution
		{78109054-825A-4B12-8E7E-EE2D838FB3EF}.Debug|Any CPU.ActiveCfg = Debug|Any CPU
		{78109054-825A-4B12-8E7E-EE2D838FB3EF}.Debug|Any CPU.Build.0 = Debug|Any CPU
		{78109054-825A-4B12-8E7E-EE2D838FB3EF}.Release|Any CPU.ActiveCfg = Release|Any CPU
		{78109054-825A-4B12-8E7E-EE2D838FB3EF}.Release|Any CPU.Build.0 = Release|Any CPU
	EndGlobalSection
	GlobalSection(SolutionProperties) = preSolution
		HideSolutionNode = FALSE
	EndGlobalSection
	GlobalSection(ExtensibilityGlobals) = postSolution
		SolutionGuid = {A58FF487-65A4-4237-9C3A-12D8859A1D94}
	EndGlobalSection
EndGlobal
